
Microsoft Visual Studio Solution File, Format Version 12.00
# Visual Studio Version 17
VisualStudioVersion = 17.12.35323.107
MinimumVisualStudioVersion = 10.0.40219.1
Project("{FAE04EC0-301F-11D3-BF4B-00C04F79EFBC}") = "Ecommerce.Web", "Ecommerce.Web\Ecommerce.Web.csproj", "{B2D482A9-7224-4DE7-8D48-E724268E95E0}"
EndProject
Project("{FAE04EC0-301F-11D3-BF4B-00C04F79EFBC}") = "Ecommerce.ProductService", "Ecommerce.ProductService\Ecommerce.ProductService.csproj", "{524CF1FC-9D41-4C71-BCA0-7D6A75F68B7C}"
EndProject
Project("{FAE04EC0-301F-11D3-BF4B-00C04F79EFBC}") = "Ecommerce.OrderService", "Ecommerce.OrderService\Ecommerce.OrderService.csproj", "{2CF74CD6-9194-48CD-8B55-3F57769ACF63}"
EndProject
Project("{FAE04EC0-301F-11D3-BF4B-00C04F79EFBC}") = "Ecommerce.Model", "Ecommerce.Model\Ecommerce.Model.csproj", "{8F50ED3B-AD12-49AC-9122-0FF74EBF4847}"
EndProject
Project("{FAE04EC0-301F-11D3-BF4B-00C04F79EFBC}") = "Ecommerce.AppHost", "Ecommerce.AppHost\Ecommerce.AppHost.csproj", "{8211407A-FA71-4B74-B13F-B6B10E115FB4}"
EndProject
Global
	GlobalSection(SolutionConfigurationPlatforms) = preSolution
		Debug|Any CPU = Debug|Any CPU
		Release|Any CPU = Release|Any CPU
	EndGlobalSection
	GlobalSection(ProjectConfigurationPlatforms) = postSolution
		{B2D482A9-7224-4DE7-8D48-E724268E95E0}.Debug|Any CPU.ActiveCfg = Debug|Any CPU
		{B2D482A9-7224-4DE7-8D48-E724268E95E0}.Debug|Any CPU.Build.0 = Debug|Any CPU
		{B2D482A9-7224-4DE7-8D48-E724268E95E0}.Release|Any CPU.ActiveCfg = Release|Any CPU
		{B2D482A9-7224-4DE7-8D48-E724268E95E0}.Release|Any CPU.Build.0 = Release|Any CPU
		{524CF1FC-9D41-4C71-BCA0-7D6A75F68B7C}.Debug|Any CPU.ActiveCfg = Debug|Any CPU
		{524CF1FC-9D41-4C71-BCA0-7D6A75F68B7C}.Debug|Any CPU.Build.0 = Debug|Any CPU
		{524CF1FC-9D41-4C71-BCA0-7D6A75F68B7C}.Release|Any CPU.ActiveCfg = Release|Any CPU
		{524CF1FC-9D41-4C71-BCA0-7D6A75F68B7C}.Release|Any CPU.Build.0 = Release|Any CPU
		{2CF74CD6-9194-48CD-8B55-3F57769ACF63}.Debug|Any CPU.ActiveCfg = Debug|Any CPU
		{2CF74CD6-9194-48CD-8B55-3F57769ACF63}.Debug|Any CPU.Build.0 = Debug|Any CPU
		{2CF74CD6-9194-48CD-8B55-3F57769ACF63}.Release|Any CPU.ActiveCfg = Release|Any CPU
		{2CF74CD6-9194-48CD-8B55-3F57769ACF63}.Release|Any CPU.Build.0 = Release|Any CPU
		{8F50ED3B-AD12-49AC-9122-0FF74EBF4847}.Debug|Any CPU.ActiveCfg = Debug|Any CPU
		{8F50ED3B-AD12-49AC-9122-0FF74EBF4847}.Debug|Any CPU.Build.0 = Debug|Any CPU
		{8F50ED3B-AD12-49AC-9122-0FF74EBF4847}.Release|Any CPU.ActiveCfg = Release|Any CPU
		{8F50ED3B-AD12-49AC-9122-0FF74EBF4847}.Release|Any CPU.Build.0 = Release|Any CPU
		{8211407A-FA71-4B74-B13F-B6B10E115FB4}.Debug|Any CPU.ActiveCfg = Debug|Any CPU
		{8211407A-FA71-4B74-B13F-B6B10E115FB4}.Debug|Any CPU.Build.0 = Debug|Any CPU
		{8211407A-FA71-4B74-B13F-B6B10E115FB4}.Release|Any CPU.ActiveCfg = Release|Any CPU
		{8211407A-FA71-4B74-B13F-B6B10E115FB4}.Release|Any CPU.Build.0 = Release|Any CPU
	EndGlobalSection
	GlobalSection(SolutionProperties) = preSolution
		HideSolutionNode = FALSE
	EndGlobalSection
	GlobalSection(ExtensibilityGlobals) = postSolution
		SolutionGuid = {BDCDCB6A-1FC3-455A-9BC3-5CA0D7017BE7}
	EndGlobalSection
EndGlobal
